{
  "nodes": {
    "anyrun": {
      "inputs": {
        "flake-parts": "flake-parts",
        "nixpkgs": [
          "nixpkgs"
        ],
        "systems": "systems"
      },
      "locked": {
        "lastModified": 1735301051,
        "narHash": "sha256-jU88Q9tP4vuvWYGQcmOdFwI9e2uMPVYJHbXdiklIH9o=",
        "owner": "anyrun-org",
        "repo": "anyrun",
        "rev": "06017e753c8886d5296768dca80745ee09402a2d",
        "type": "github"
      },
      "original": {
        "owner": "anyrun-org",
        "repo": "anyrun",
        "type": "github"
      }
    },
    "betterfox": {
      "flake": false,
      "locked": {
        "lastModified": 1740523396,
        "narHash": "sha256-5fD8ffAyIgQYJ0Z/bMEpqf17YghVQNaK+giZ1Tyk6/Q=",
        "owner": "yokoffing",
        "repo": "Betterfox",
        "rev": "6ef4cdbbe7bc3bb1d69a2291a25cc8841b39544a",
        "type": "github"
      },
      "original": {
        "owner": "yokoffing",
        "repo": "Betterfox",
        "type": "github"
      }
    },
    "catppuccin": {
      "inputs": {
        "nixpkgs": "nixpkgs"
      },
      "locked": {
        "lastModified": 1741818059,
        "narHash": "sha256-TxCi0pazPhj1dUKc+eR8jqvXwMiPQMdEt/YRffZOYig=",
        "owner": "catppuccin",
        "repo": "nix",
        "rev": "da6d41516d7b70799b3c1d9b2d9e7731c5f8cb04",
        "type": "github"
      },
      "original": {
        "owner": "catppuccin",
        "repo": "nix",
        "type": "github"
      }
    },
    "firefox-gnome-theme": {
      "flake": false,
      "locked": {
        "lastModified": 1741828375,
        "narHash": "sha256-z149zvh7TP1X8djfjnKvmRlt9Mwt7SB0USwZvaC/RaM=",
        "owner": "rafaelmardojai",
        "repo": "firefox-gnome-theme",
        "rev": "fb7312b8b2beaacb89cb9b102929ebe95a2faabf",
        "type": "github"
      },
      "original": {
        "owner": "rafaelmardojai",
        "repo": "firefox-gnome-theme",
        "type": "github"
      }
    },
    "flake-parts": {
      "inputs": {
        "nixpkgs-lib": [
          "anyrun",
          "nixpkgs"
        ]
      },
      "locked": {
        "lastModified": 1727826117,
        "narHash": "sha256-K5ZLCyfO/Zj9mPFldf3iwS6oZStJcU4tSpiXTMYaaL0=",
        "owner": "hercules-ci",
        "repo": "flake-parts",
        "rev": "3d04084d54bedc3d6b8b736c70ef449225c361b1",
        "type": "github"
      },
      "original": {
        "owner": "hercules-ci",
        "repo": "flake-parts",
        "type": "github"
      }
    },
    "flake-utils": {
      "inputs": {
        "systems": "systems_2"
      },
      "locked": {
        "lastModified": 1731533236,
        "narHash": "sha256-l0KFg5HjrsfsO/JpG+r7fRrqm12kzFHyUHqHCVpMMbI=",
        "owner": "numtide",
        "repo": "flake-utils",
        "rev": "11707dc2f618dd54ca8739b309ec4fc024de578b",
        "type": "github"
      },
      "original": {
        "owner": "numtide",
        "repo": "flake-utils",
        "type": "github"
      }
    },
    "flake-utils_2": {
      "inputs": {
        "systems": "systems_3"
      },
      "locked": {
        "lastModified": 1731533236,
        "narHash": "sha256-l0KFg5HjrsfsO/JpG+r7fRrqm12kzFHyUHqHCVpMMbI=",
        "owner": "numtide",
        "repo": "flake-utils",
        "rev": "11707dc2f618dd54ca8739b309ec4fc024de578b",
        "type": "github"
      },
      "original": {
        "owner": "numtide",
        "repo": "flake-utils",
        "type": "github"
      }
    },
    "flakey-profile": {
      "locked": {
        "lastModified": 1712898590,
        "narHash": "sha256-FhGIEU93VHAChKEXx905TSiPZKga69bWl1VB37FK//I=",
        "owner": "lf-",
        "repo": "flakey-profile",
        "rev": "243c903fd8eadc0f63d205665a92d4df91d42d9d",
        "type": "github"
      },
      "original": {
        "owner": "lf-",
        "repo": "flakey-profile",
        "type": "github"
      }
    },
    "helix": {
      "inputs": {
        "flake-utils": "flake-utils",
        "nixpkgs": [
          "nixpkgs"
        ],
        "rust-overlay": "rust-overlay"
      },
      "locked": {
        "lastModified": 1741815977,
        "narHash": "sha256-zRPJMgKBvLBNVlPEMpkjEYtd2jKbHE6AlqT9bL5m/yQ=",
        "owner": "helix-editor",
        "repo": "helix",
        "rev": "1bd7a3901cf73a9219470dafc65f3c7119e96cc0",
        "type": "github"
      },
      "original": {
        "owner": "helix-editor",
        "repo": "helix",
        "type": "github"
      }
    },
    "home-manager": {
      "inputs": {
        "nixpkgs": [
          "nixpkgs"
        ]
      },
      "locked": {
        "lastModified": 1741791118,
        "narHash": "sha256-4Y427uj0eql4yRU5rely3EcOlB9q457UDbG9omPtXiA=",
        "owner": "nix-community",
        "repo": "home-manager",
        "rev": "18780912345970e5b546b1b085385789b6935a83",
        "type": "github"
      },
      "original": {
        "owner": "nix-community",
        "repo": "home-manager",
        "type": "github"
      }
    },
    "lix": {
      "inputs": {
        "flake-utils": "flake-utils_2",
        "flakey-profile": "flakey-profile",
        "lix": "lix_2",
        "nixpkgs": [
          "nixpkgs"
        ]
      },
      "locked": {
        "lastModified": 1737237494,
        "narHash": "sha256-YMLrcBpf0TR5r/eaqm8lxzFPap2TxCor0ZGcK3a7+b8=",
        "rev": "b90bf629bbd835e61f1317b99e12f8c831017006",
        "type": "tarball",
        "url": "https://git.lix.systems/api/v1/repos/lix-project/nixos-module/archive/b90bf629bbd835e61f1317b99e12f8c831017006.tar.gz?rev=b90bf629bbd835e61f1317b99e12f8c831017006"
      },
      "original": {
        "type": "tarball",
        "url": "https://git.lix.systems/lix-project/nixos-module/archive/2.92.0.tar.gz"
      }
    },
    "lix_2": {
      "flake": false,
      "locked": {
        "lastModified": 1737234286,
        "narHash": "sha256-CCKIAE84dzkrnlxJCKFyffAxP3yfsOAbdvydUGqq24g=",
        "rev": "2837da71ec1588c1187d2e554719b15904a46c8b",
        "type": "tarball",
        "url": "https://git.lix.systems/api/v1/repos/lix-project/lix/archive/2837da71ec1588c1187d2e554719b15904a46c8b.tar.gz?rev=2837da71ec1588c1187d2e554719b15904a46c8b"
      },
      "original": {
        "type": "tarball",
        "url": "https://git.lix.systems/lix-project/lix/archive/2.92.0.tar.gz"
      }
    },
    "mutter-triple-buffer": {
      "flake": false,
      "locked": {
        "host": "gitlab.gnome.org",
        "lastModified": 1741153355,
        "narHash": "sha256-6n5HSbocU8QDwuhBvhRuvkUE4NflUiUKE0QQ5DJEzwI=",
        "owner": "Community%2FUbuntu",
        "repo": "mutter",
        "rev": "4a884e571ea044e8078abc826cc1b1abd55c936c",
        "type": "gitlab"
      },
      "original": {
        "host": "gitlab.gnome.org",
        "owner": "Community%2FUbuntu",
        "ref": "triple-buffering-v4-47",
        "repo": "mutter",
        "type": "gitlab"
      }
    },
    "niri": {
      "inputs": {
        "niri-stable": "niri-stable",
        "niri-unstable": "niri-unstable",
        "nixpkgs": [
          "nixpkgs"
        ],
        "nixpkgs-stable": "nixpkgs-stable",
        "xwayland-satellite-stable": "xwayland-satellite-stable",
        "xwayland-satellite-unstable": "xwayland-satellite-unstable"
      },
      "locked": {
        "lastModified": 1741791371,
        "narHash": "sha256-bUAvnVEuicT8evQHd7Xx7y0n045ND+yX/jys0qlWXa8=",
        "owner": "sodiboo",
        "repo": "niri-flake",
        "rev": "734fc45070645332864129120c83478d61d2f4ca",
        "type": "github"
      },
      "original": {
        "owner": "sodiboo",
        "repo": "niri-flake",
        "type": "github"
      }
    },
    "niri-stable": {
      "flake": false,
      "locked": {
        "lastModified": 1740117926,
        "narHash": "sha256-mTTHA0RAaQcdYe+9A3Jx77cmmyLFHmRoZdd8RpWa+m8=",
        "owner": "YaLTeR",
        "repo": "niri",
        "rev": "b94a5db8790339cf9134873d8b490be69e02ac71",
        "type": "github"
      },
      "original": {
        "owner": "YaLTeR",
        "ref": "v25.02",
        "repo": "niri",
        "type": "github"
      }
    },
    "niri-unstable": {
      "flake": false,
      "locked": {
        "lastModified": 1741786494,
        "narHash": "sha256-td/mvuzgAFKo2GJ1Xu6eLVN1m8O5UQj8h1Pga1MZ0c8=",
        "owner": "YaLTeR",
        "repo": "niri",
        "rev": "9f9c4a99af203366b426192160de528bfb065d9e",
        "type": "github"
      },
      "original": {
        "owner": "YaLTeR",
        "repo": "niri",
        "type": "github"
      }
    },
    "nix-index-database": {
      "inputs": {
        "nixpkgs": [
          "nixpkgs"
        ]
      },
      "locked": {
        "lastModified": 1741619381,
        "narHash": "sha256-koZtlJRqi0/MD/AKd0KrXLA2NuBOVzlIyAJprjzpxZE=",
        "owner": "nix-community",
        "repo": "nix-index-database",
        "rev": "66537fb185462ba9b07f4e6f2d54894a1b2d04ab",
        "type": "github"
      },
      "original": {
        "owner": "nix-community",
        "repo": "nix-index-database",
        "type": "github"
      }
    },
    "nixos-hardware": {
      "locked": {
        "lastModified": 1741792691,
        "narHash": "sha256-f0BVt1/cvA0DQ/q3rB+HY4g4tKksd03ZkzI4xehC2Ew=",
        "owner": "NixOS",
        "repo": "nixos-hardware",
        "rev": "e1f12151258b12c567f456d8248e4694e9390613",
        "type": "github"
      },
      "original": {
        "owner": "NixOS",
        "repo": "nixos-hardware",
        "type": "github"
      }
    },
    "nixpkgs": {
      "locked": {
        "lastModified": 1741246872,
        "narHash": "sha256-Q6pMP4a9ed636qilcYX8XUguvKl/0/LGXhHcRI91p0U=",
        "owner": "NixOS",
        "repo": "nixpkgs",
        "rev": "10069ef4cf863633f57238f179a0297de84bd8d3",
        "type": "github"
      },
      "original": {
        "owner": "NixOS",
        "ref": "nixos-unstable",
        "repo": "nixpkgs",
        "type": "github"
      }
    },
    "nixpkgs-stable": {
      "locked": {
        "lastModified": 1741600792,
        "narHash": "sha256-yfDy6chHcM7pXpMF4wycuuV+ILSTG486Z/vLx/Bdi6Y=",
        "owner": "NixOS",
        "repo": "nixpkgs",
        "rev": "ebe2788eafd539477f83775ef93c3c7e244421d3",
        "type": "github"
      },
      "original": {
        "owner": "NixOS",
        "ref": "nixos-24.11",
        "repo": "nixpkgs",
        "type": "github"
      }
    },
    "nixpkgs_2": {
      "locked": {
        "lastModified": 1741513245,
        "narHash": "sha256-7rTAMNTY1xoBwz0h7ZMtEcd8LELk9R5TzBPoHuhNSCk=",
        "owner": "NixOS",
        "repo": "nixpkgs",
        "rev": "e3e32b642a31e6714ec1b712de8c91a3352ce7e1",
        "type": "github"
      },
      "original": {
        "id": "nixpkgs",
        "ref": "nixos-unstable",
        "type": "indirect"
      }
    },
    "root": {
      "inputs": {
        "anyrun": "anyrun",
        "betterfox": "betterfox",
        "catppuccin": "catppuccin",
        "firefox-gnome-theme": "firefox-gnome-theme",
        "helix": "helix",
        "home-manager": "home-manager",
        "lix": "lix",
        "mutter-triple-buffer": "mutter-triple-buffer",
        "niri": "niri",
        "nix-index-database": "nix-index-database",
        "nixos-hardware": "nixos-hardware",
        "nixpkgs": "nixpkgs_2",
        "rycee": "rycee"
      }
    },
    "rust-overlay": {
      "inputs": {
        "nixpkgs": [
          "helix",
          "nixpkgs"
        ]
      },
      "locked": {
        "lastModified": 1740623427,
        "narHash": "sha256-3SdPQrZoa4odlScFDUHd4CUPQ/R1gtH4Mq9u8CBiK8M=",
        "owner": "oxalica",
        "repo": "rust-overlay",
        "rev": "d342e8b5fd88421ff982f383c853f0fc78a847ab",
        "type": "github"
      },
      "original": {
        "owner": "oxalica",
        "repo": "rust-overlay",
        "type": "github"
      }
    },
    "rycee": {
      "flake": false,
      "locked": {
        "lastModified": 1741838604,
        "narHash": "sha256-ytHdrfSbbPvla43Ykd61cVkS2JLA8wBEHcnf4yLFP7Y=",
        "owner": "rycee",
        "repo": "nur-expressions",
        "rev": "e41884886e7798003973f487f37b979ee92f7d99",
        "type": "gitlab"
      },
      "original": {
        "owner": "rycee",
        "repo": "nur-expressions",
        "type": "gitlab"
      }
    },
    "systems": {
      "locked": {
        "lastModified": 1689347949,
        "narHash": "sha256-12tWmuL2zgBgZkdoB6qXZsgJEH9LR3oUgpaQq2RbI80=",
        "owner": "nix-systems",
        "repo": "default-linux",
        "rev": "31732fcf5e8fea42e59c2488ad31a0e651500f68",
        "type": "github"
      },
      "original": {
        "owner": "nix-systems",
        "repo": "default-linux",
        "type": "github"
      }
    },
    "systems_2": {
      "locked": {
        "lastModified": 1681028828,
        "narHash": "sha256-Vy1rq5AaRuLzOxct8nz4T6wlgyUR7zLU309k9mBC768=",
        "owner": "nix-systems",
        "repo": "default",
        "rev": "da67096a3b9bf56a91d16901293e51ba5b49a27e",
        "type": "github"
      },
      "original": {
        "owner": "nix-systems",
        "repo": "default",
        "type": "github"
      }
    },
    "systems_3": {
      "locked": {
        "lastModified": 1681028828,
        "narHash": "sha256-Vy1rq5AaRuLzOxct8nz4T6wlgyUR7zLU309k9mBC768=",
        "owner": "nix-systems",
        "repo": "default",
        "rev": "da67096a3b9bf56a91d16901293e51ba5b49a27e",
        "type": "github"
      },
      "original": {
        "owner": "nix-systems",
        "repo": "default",
        "type": "github"
      }
    },
    "xwayland-satellite-stable": {
      "flake": false,
      "locked": {
        "lastModified": 1739246919,
        "narHash": "sha256-/hBM43/Gd0/tW+egrhlWgOIISeJxEs2uAOIYVpfDKeU=",
        "owner": "Supreeeme",
        "repo": "xwayland-satellite",
        "rev": "44590a416d4a3e8220e19e29e0b6efe64a80315d",
        "type": "github"
      },
      "original": {
        "owner": "Supreeeme",
        "ref": "v0.5.1",
        "repo": "xwayland-satellite",
        "type": "github"
      }
    },
    "xwayland-satellite-unstable": {
      "flake": false,
      "locked": {
        "lastModified": 1741757154,
        "narHash": "sha256-Gr0m144I3kTZ4HZxOpAnQYyyhvyAAN0lEMrSQ3HyxMI=",
        "owner": "Supreeeme",
        "repo": "xwayland-satellite",
        "rev": "3c50b7da7963e299e47295352c9a1da1c37b4254",
        "type": "github"
      },
      "original": {
        "owner": "Supreeeme",
        "repo": "xwayland-satellite",
        "type": "github"
      }
    }
  },
  "root": "root",
  "version": 7
}
